
Microsoft Visual Studio Solution File, Format Version 12.00
# Visual Studio 15
VisualStudioVersion = 15.0.27703.2035
MinimumVisualStudioVersion = 10.0.40219.1
Project("{FAE04EC0-301F-11D3-BF4B-00C04F79EFBC}") = "MaximumSalary", "MaximumSalary\MaximumSalary.csproj", "{40BC80A2-00C2-476C-A3B9-EE4EC714F19F}"
EndProject
Global
	GlobalSection(SolutionConfigurationPlatforms) = preSolution
		Debug|Any CPU = Debug|Any CPU
		Release|Any CPU = Release|Any CPU
	EndGlobalSection
	GlobalSection(ProjectConfigurationPlatforms) = postSolution
		{40BC80A2-00C2-476C-A3B9-EE4EC714F19F}.Debug|Any CPU.ActiveCfg = Debug|Any CPU
		{40BC80A2-00C2-476C-A3B9-EE4EC714F19F}.Debug|Any CPU.Build.0 = Debug|Any CPU
		{40BC80A2-00C2-476C-A3B9-EE4EC714F19F}.Release|Any CPU.ActiveCfg = Release|Any CPU
		{40BC80A2-00C2-476C-A3B9-EE4EC714F19F}.Release|Any CPU.Build.0 = Release|Any CPU
	EndGlobalSection
	GlobalSection(SolutionProperties) = preSolution
		HideSolutionNode = FALSE
	EndGlobalSection
	GlobalSection(ExtensibilityGlobals) = postSolution
		SolutionGuid = {4602888B-E93A-42B0-84C3-6FB6EE56B280}
	EndGlobalSection
EndGlobal
