
Microsoft Visual Studio Solution File, Format Version 12.00
# Visual Studio 15
VisualStudioVersion = 15.0.27703.2035
MinimumVisualStudioVersion = 10.0.40219.1
Project("{FAE04EC0-301F-11D3-BF4B-00C04F79EFBC}") = "PointsAndSegments", "PointsAndSegments\PointsAndSegments.csproj", "{E04418CC-FF01-4FFE-9C6F-58F13EF7DAB1}"
EndProject
Global
	GlobalSection(SolutionConfigurationPlatforms) = preSolution
		Debug|Any CPU = Debug|Any CPU
		Release|Any CPU = Release|Any CPU
	EndGlobalSection
	GlobalSection(ProjectConfigurationPlatforms) = postSolution
		{E04418CC-FF01-4FFE-9C6F-58F13EF7DAB1}.Debug|Any CPU.ActiveCfg = Debug|Any CPU
		{E04418CC-FF01-4FFE-9C6F-58F13EF7DAB1}.Debug|Any CPU.Build.0 = Debug|Any CPU
		{E04418CC-FF01-4FFE-9C6F-58F13EF7DAB1}.Release|Any CPU.ActiveCfg = Release|Any CPU
		{E04418CC-FF01-4FFE-9C6F-58F13EF7DAB1}.Release|Any CPU.Build.0 = Release|Any CPU
	EndGlobalSection
	GlobalSection(SolutionProperties) = preSolution
		HideSolutionNode = FALSE
	EndGlobalSection
	GlobalSection(ExtensibilityGlobals) = postSolution
		SolutionGuid = {F1B20F12-72D9-4E08-8646-E314B5FA54F7}
	EndGlobalSection
EndGlobal
