
Microsoft Visual Studio Solution File, Format Version 12.00
# Visual Studio 15
VisualStudioVersion = 15.0.27703.2035
MinimumVisualStudioVersion = 10.0.40219.1
Project("{FAE04EC0-301F-11D3-BF4B-00C04F79EFBC}") = "MaximumPairwiseProduct", "MaximumPairwiseProduct\MaximumPairwiseProduct.csproj", "{7B02D824-1502-4247-A587-9D39CED250ED}"
EndProject
Global
	GlobalSection(SolutionConfigurationPlatforms) = preSolution
		Debug|Any CPU = Debug|Any CPU
		Release|Any CPU = Release|Any CPU
	EndGlobalSection
	GlobalSection(ProjectConfigurationPlatforms) = postSolution
		{7B02D824-1502-4247-A587-9D39CED250ED}.Debug|Any CPU.ActiveCfg = Debug|Any CPU
		{7B02D824-1502-4247-A587-9D39CED250ED}.Debug|Any CPU.Build.0 = Debug|Any CPU
		{7B02D824-1502-4247-A587-9D39CED250ED}.Release|Any CPU.ActiveCfg = Release|Any CPU
		{7B02D824-1502-4247-A587-9D39CED250ED}.Release|Any CPU.Build.0 = Release|Any CPU
	EndGlobalSection
	GlobalSection(SolutionProperties) = preSolution
		HideSolutionNode = FALSE
	EndGlobalSection
	GlobalSection(ExtensibilityGlobals) = postSolution
		SolutionGuid = {88C24F96-D638-403A-B957-2D00C8937DE6}
	EndGlobalSection
EndGlobal
