
Microsoft Visual Studio Solution File, Format Version 12.00
# Visual Studio 15
VisualStudioVersion = 15.0.27703.2035
MinimumVisualStudioVersion = 10.0.40219.1
Project("{FAE04EC0-301F-11D3-BF4B-00C04F79EFBC}") = "FractionalKnapsack", "FractionalKnapsack\FractionalKnapsack.csproj", "{2893B77B-6A05-4D0F-ADDE-D8AE41887DBF}"
EndProject
Global
	GlobalSection(SolutionConfigurationPlatforms) = preSolution
		Debug|Any CPU = Debug|Any CPU
		Release|Any CPU = Release|Any CPU
	EndGlobalSection
	GlobalSection(ProjectConfigurationPlatforms) = postSolution
		{2893B77B-6A05-4D0F-ADDE-D8AE41887DBF}.Debug|Any CPU.ActiveCfg = Debug|Any CPU
		{2893B77B-6A05-4D0F-ADDE-D8AE41887DBF}.Debug|Any CPU.Build.0 = Debug|Any CPU
		{2893B77B-6A05-4D0F-ADDE-D8AE41887DBF}.Release|Any CPU.ActiveCfg = Release|Any CPU
		{2893B77B-6A05-4D0F-ADDE-D8AE41887DBF}.Release|Any CPU.Build.0 = Release|Any CPU
	EndGlobalSection
	GlobalSection(SolutionProperties) = preSolution
		HideSolutionNode = FALSE
	EndGlobalSection
	GlobalSection(ExtensibilityGlobals) = postSolution
		SolutionGuid = {27FDD1F7-3FD3-42C6-BE98-2BCF0680612C}
	EndGlobalSection
EndGlobal
